// !$*UTF8*$!
{
	archiveVersion = 1;
	classes = {
	};
	objectVersion = 46;
	objects = {

/* Begin PBXBuildFile section */
		6E661DFC19F4C68D00481D4D /* main.m in Sources */ = {isa = PBXBuildFile; fileRef = 6E661DFB19F4C68D00481D4D /* main.m */; };
		6E661DFF19F4C68D00481D4D /* AppDelegate.m in Sources */ = {isa = PBXBuildFile; fileRef = 6E661DFE19F4C68D00481D4D /* AppDelegate.m */; };
		6E661E0219F4C68D00481D4D /* MapViewController.m in Sources */ = {isa = PBXBuildFile; fileRef = 6E661E0119F4C68D00481D4D /* MapViewController.m */; };
		6E661E0519F4C68D00481D4D /* Main.storyboard in Resources */ = {isa = PBXBuildFile; fileRef = 6E661E0319F4C68D00481D4D /* Main.storyboard */; };
		6E661E0719F4C68D00481D4D /* Images.xcassets in Resources */ = {isa = PBXBuildFile; fileRef = 6E661E0619F4C68D00481D4D /* Images.xcassets */; };
		6E661E0A19F4C68D00481D4D /* LaunchScreen.xib in Resources */ = {isa = PBXBuildFile; fileRef = 6E661E0819F4C68D00481D4D /* LaunchScreen.xib */; };
		6E661E1619F4C68E00481D4D /* BarreForestGuideTests.m in Sources */ = {isa = PBXBuildFile; fileRef = 6E661E1519F4C68E00481D4D /* BarreForestGuideTests.m */; };
		6E661E2719F6715700481D4D /* AVFoundation.framework in Frameworks */ = {isa = PBXBuildFile; fileRef = 6E661E2619F6715700481D4D /* AVFoundation.framework */; };
		6E661E2919F6716700481D4D /* CoreData.framework in Frameworks */ = {isa = PBXBuildFile; fileRef = 6E661E2819F6716700481D4D /* CoreData.framework */; };
		6E661E2B19F6717100481D4D /* CoreLocation.framework in Frameworks */ = {isa = PBXBuildFile; fileRef = 6E661E2A19F6717100481D4D /* CoreLocation.framework */; };
		6E661E2D19F6718000481D4D /* CoreText.framework in Frameworks */ = {isa = PBXBuildFile; fileRef = 6E661E2C19F6718000481D4D /* CoreText.framework */; };
		6E661E2F19F6718E00481D4D /* GLKit.framework in Frameworks */ = {isa = PBXBuildFile; fileRef = 6E661E2E19F6718E00481D4D /* GLKit.framework */; };
		6E661E3119F6719900481D4D /* ImageIO.framework in Frameworks */ = {isa = PBXBuildFile; fileRef = 6E661E3019F6719900481D4D /* ImageIO.framework */; };
		6E661E3319F671AA00481D4D /* libc++.dylib in Frameworks */ = {isa = PBXBuildFile; fileRef = 6E661E3219F671AA00481D4D /* libc++.dylib */; };
		6E661E3519F672DA00481D4D /* libicucore.dylib in Frameworks */ = {isa = PBXBuildFile; fileRef = 6E661E3419F672DA00481D4D /* libicucore.dylib */; };
		6E661E3719F672E800481D4D /* libz.dylib in Frameworks */ = {isa = PBXBuildFile; fileRef = 6E661E3619F672E800481D4D /* libz.dylib */; };
		6E661E3919F672F900481D4D /* OpenGLES.framework in Frameworks */ = {isa = PBXBuildFile; fileRef = 6E661E3819F672F900481D4D /* OpenGLES.framework */; };
		6E661E3B19F6730600481D4D /* QuartzCore.framework in Frameworks */ = {isa = PBXBuildFile; fileRef = 6E661E3A19F6730600481D4D /* QuartzCore.framework */; };
		6E661E3D19F6731200481D4D /* SystemConfiguration.framework in Frameworks */ = {isa = PBXBuildFile; fileRef = 6E661E3C19F6731200481D4D /* SystemConfiguration.framework */; };
		6E661E3F19F74AC300481D4D /* libsqlite3.dylib in Frameworks */ = {isa = PBXBuildFile; fileRef = 6E661E3E19F74AC300481D4D /* libsqlite3.dylib */; };
		6E78103719F77AAE00F2AE80 /* GoogleMaps.framework in Frameworks */ = {isa = PBXBuildFile; fileRef = 6E78103619F77AAE00F2AE80 /* GoogleMaps.framework */; };
		6E78103919F77AFC00F2AE80 /* GoogleMaps.bundle in Resources */ = {isa = PBXBuildFile; fileRef = 6E78103819F77AFC00F2AE80 /* GoogleMaps.bundle */; };
		6E816E7F19F8C44D00350881 /* BarreForestGuide.sqlite in Resources */ = {isa = PBXBuildFile; fileRef = 6E816E7E19F8C44D00350881 /* BarreForestGuide.sqlite */; };
/* End PBXBuildFile section */

/* Begin PBXContainerItemProxy section */
		6E661E1019F4C68E00481D4D /* PBXContainerItemProxy */ = {
			isa = PBXContainerItemProxy;
			containerPortal = 6E661DEE19F4C68D00481D4D /* Project object */;
			proxyType = 1;
			remoteGlobalIDString = 6E661DF519F4C68D00481D4D;
			remoteInfo = BarreForestGuide;
		};
/* End PBXContainerItemProxy section */

/* Begin PBXFileReference section */
		6E661DF619F4C68D00481D4D /* BarreForestGuide.app */ = {isa = PBXFileReference; explicitFileType = wrapper.application; includeInIndex = 0; path = BarreForestGuide.app; sourceTree = BUILT_PRODUCTS_DIR; };
		6E661DFA19F4C68D00481D4D /* Info.plist */ = {isa = PBXFileReference; lastKnownFileType = text.plist.xml; path = Info.plist; sourceTree = "<group>"; };
		6E661DFB19F4C68D00481D4D /* main.m */ = {isa = PBXFileReference; lastKnownFileType = sourcecode.c.objc; path = main.m; sourceTree = "<group>"; };
		6E661DFD19F4C68D00481D4D /* AppDelegate.h */ = {isa = PBXFileReference; lastKnownFileType = sourcecode.c.h; path = AppDelegate.h; sourceTree = "<group>"; };
		6E661DFE19F4C68D00481D4D /* AppDelegate.m */ = {isa = PBXFileReference; lastKnownFileType = sourcecode.c.objc; path = AppDelegate.m; sourceTree = "<group>"; };
		6E661E0019F4C68D00481D4D /* MapViewController.h */ = {isa = PBXFileReference; lastKnownFileType = sourcecode.c.h; path = MapViewController.h; sourceTree = "<group>"; };
		6E661E0119F4C68D00481D4D /* MapViewController.m */ = {isa = PBXFileReference; lastKnownFileType = sourcecode.c.objc; path = MapViewController.m; sourceTree = "<group>"; };
		6E661E0419F4C68D00481D4D /* Base */ = {isa = PBXFileReference; lastKnownFileType = file.storyboard; name = Base; path = Base.lproj/Main.storyboard; sourceTree = "<group>"; };
		6E661E0619F4C68D00481D4D /* Images.xcassets */ = {isa = PBXFileReference; lastKnownFileType = folder.assetcatalog; path = Images.xcassets; sourceTree = "<group>"; };
		6E661E0919F4C68D00481D4D /* Base */ = {isa = PBXFileReference; lastKnownFileType = file.xib; name = Base; path = Base.lproj/LaunchScreen.xib; sourceTree = "<group>"; };
		6E661E0F19F4C68D00481D4D /* BarreForestGuideTests.xctest */ = {isa = PBXFileReference; explicitFileType = wrapper.cfbundle; includeInIndex = 0; path = BarreForestGuideTests.xctest; sourceTree = BUILT_PRODUCTS_DIR; };
		6E661E1419F4C68E00481D4D /* Info.plist */ = {isa = PBXFileReference; lastKnownFileType = text.plist.xml; path = Info.plist; sourceTree = "<group>"; };
		6E661E1519F4C68E00481D4D /* BarreForestGuideTests.m */ = {isa = PBXFileReference; lastKnownFileType = sourcecode.c.objc; path = BarreForestGuideTests.m; sourceTree = "<group>"; };
		6E661E2619F6715700481D4D /* AVFoundation.framework */ = {isa = PBXFileReference; lastKnownFileType = wrapper.framework; name = AVFoundation.framework; path = System/Library/Frameworks/AVFoundation.framework; sourceTree = SDKROOT; };
		6E661E2819F6716700481D4D /* CoreData.framework */ = {isa = PBXFileReference; lastKnownFileType = wrapper.framework; name = CoreData.framework; path = System/Library/Frameworks/CoreData.framework; sourceTree = SDKROOT; };
		6E661E2A19F6717100481D4D /* CoreLocation.framework */ = {isa = PBXFileReference; lastKnownFileType = wrapper.framework; name = CoreLocation.framework; path = System/Library/Frameworks/CoreLocation.framework; sourceTree = SDKROOT; };
		6E661E2C19F6718000481D4D /* CoreText.framework */ = {isa = PBXFileReference; lastKnownFileType = wrapper.framework; name = CoreText.framework; path = System/Library/Frameworks/CoreText.framework; sourceTree = SDKROOT; };
		6E661E2E19F6718E00481D4D /* GLKit.framework */ = {isa = PBXFileReference; lastKnownFileType = wrapper.framework; name = GLKit.framework; path = System/Library/Frameworks/GLKit.framework; sourceTree = SDKROOT; };
		6E661E3019F6719900481D4D /* ImageIO.framework */ = {isa = PBXFileReference; lastKnownFileType = wrapper.framework; name = ImageIO.framework; path = System/Library/Frameworks/ImageIO.framework; sourceTree = SDKROOT; };
		6E661E3219F671AA00481D4D /* libc++.dylib */ = {isa = PBXFileReference; lastKnownFileType = "compiled.mach-o.dylib"; name = "libc++.dylib"; path = "usr/lib/libc++.dylib"; sourceTree = SDKROOT; };
		6E661E3419F672DA00481D4D /* libicucore.dylib */ = {isa = PBXFileReference; lastKnownFileType = "compiled.mach-o.dylib"; name = libicucore.dylib; path = usr/lib/libicucore.dylib; sourceTree = SDKROOT; };
		6E661E3619F672E800481D4D /* libz.dylib */ = {isa = PBXFileReference; lastKnownFileType = "compiled.mach-o.dylib"; name = libz.dylib; path = usr/lib/libz.dylib; sourceTree = SDKROOT; };
		6E661E3819F672F900481D4D /* OpenGLES.framework */ = {isa = PBXFileReference; lastKnownFileType = wrapper.framework; name = OpenGLES.framework; path = System/Library/Frameworks/OpenGLES.framework; sourceTree = SDKROOT; };
		6E661E3A19F6730600481D4D /* QuartzCore.framework */ = {isa = PBXFileReference; lastKnownFileType = wrapper.framework; name = QuartzCore.framework; path = System/Library/Frameworks/QuartzCore.framework; sourceTree = SDKROOT; };
		6E661E3C19F6731200481D4D /* SystemConfiguration.framework */ = {isa = PBXFileReference; lastKnownFileType = wrapper.framework; name = SystemConfiguration.framework; path = System/Library/Frameworks/SystemConfiguration.framework; sourceTree = SDKROOT; };
		6E661E3E19F74AC300481D4D /* libsqlite3.dylib */ = {isa = PBXFileReference; lastKnownFileType = "compiled.mach-o.dylib"; name = libsqlite3.dylib; path = usr/lib/libsqlite3.dylib; sourceTree = SDKROOT; };
		6E78103619F77AAE00F2AE80 /* GoogleMaps.framework */ = {isa = PBXFileReference; lastKnownFileType = wrapper.framework; path = GoogleMaps.framework; sourceTree = "<group>"; };
		6E78103819F77AFC00F2AE80 /* GoogleMaps.bundle */ = {isa = PBXFileReference; lastKnownFileType = "wrapper.plug-in"; name = GoogleMaps.bundle; path = GoogleMaps.framework/Versions/A/Resources/GoogleMaps.bundle; sourceTree = "<group>"; };
		6E816E7E19F8C44D00350881 /* BarreForestGuide.sqlite */ = {isa = PBXFileReference; lastKnownFileType = file; path = BarreForestGuide.sqlite; sourceTree = "<group>"; };
/* End PBXFileReference section */

/* Begin PBXFrameworksBuildPhase section */
		6E661DF319F4C68D00481D4D /* Frameworks */ = {
			isa = PBXFrameworksBuildPhase;
			buildActionMask = 2147483647;
			files = (
				6E661E3F19F74AC300481D4D /* libsqlite3.dylib in Frameworks */,
				6E661E3D19F6731200481D4D /* SystemConfiguration.framework in Frameworks */,
				6E661E3B19F6730600481D4D /* QuartzCore.framework in Frameworks */,
				6E661E3919F672F900481D4D /* OpenGLES.framework in Frameworks */,
				6E661E3719F672E800481D4D /* libz.dylib in Frameworks */,
				6E661E3519F672DA00481D4D /* libicucore.dylib in Frameworks */,
				6E661E3319F671AA00481D4D /* libc++.dylib in Frameworks */,
				6E661E3119F6719900481D4D /* ImageIO.framework in Frameworks */,
				6E78103719F77AAE00F2AE80 /* GoogleMaps.framework in Frameworks */,
				6E661E2F19F6718E00481D4D /* GLKit.framework in Frameworks */,
				6E661E2D19F6718000481D4D /* CoreText.framework in Frameworks */,
				6E661E2B19F6717100481D4D /* CoreLocation.framework in Frameworks */,
				6E661E2919F6716700481D4D /* CoreData.framework in Frameworks */,
				6E661E2719F6715700481D4D /* AVFoundation.framework in Frameworks */,
			);
			runOnlyForDeploymentPostprocessing = 0;
		};
		6E661E0C19F4C68D00481D4D /* Frameworks */ = {
			isa = PBXFrameworksBuildPhase;
			buildActionMask = 2147483647;
			files = (
			);
			runOnlyForDeploymentPostprocessing = 0;
		};
/* End PBXFrameworksBuildPhase section */

/* Begin PBXGroup section */
		6E661DED19F4C68D00481D4D = {
			isa = PBXGroup;
			children = (
				6E816E7019F8C34A00350881 /* Resources */,
				6E661E2119F6706800481D4D /* Frameworks */,
				6E661DF819F4C68D00481D4D /* BarreForestGuide */,
				6E661E1219F4C68E00481D4D /* BarreForestGuideTests */,
				6E661DF719F4C68D00481D4D /* Products */,
			);
			sourceTree = "<group>";
		};
		6E661DF719F4C68D00481D4D /* Products */ = {
			isa = PBXGroup;
			children = (
				6E661DF619F4C68D00481D4D /* BarreForestGuide.app */,
				6E661E0F19F4C68D00481D4D /* BarreForestGuideTests.xctest */,
			);
			name = Products;
			sourceTree = "<group>";
		};
		6E661DF819F4C68D00481D4D /* BarreForestGuide */ = {
			isa = PBXGroup;
			children = (
				6E661DFD19F4C68D00481D4D /* AppDelegate.h */,
				6E661DFE19F4C68D00481D4D /* AppDelegate.m */,
				6E661E0019F4C68D00481D4D /* MapViewController.h */,
				6E661E0119F4C68D00481D4D /* MapViewController.m */,
				6E661E0319F4C68D00481D4D /* Main.storyboard */,
				6E661E0619F4C68D00481D4D /* Images.xcassets */,
				6E661E0819F4C68D00481D4D /* LaunchScreen.xib */,
				6E661DF919F4C68D00481D4D /* Supporting Files */,
			);
			path = BarreForestGuide;
			sourceTree = "<group>";
		};
		6E661DF919F4C68D00481D4D /* Supporting Files */ = {
			isa = PBXGroup;
			children = (
				6E661DFA19F4C68D00481D4D /* Info.plist */,
				6E661DFB19F4C68D00481D4D /* main.m */,
			);
			name = "Supporting Files";
			sourceTree = "<group>";
		};
		6E661E1219F4C68E00481D4D /* BarreForestGuideTests */ = {
			isa = PBXGroup;
			children = (
				6E661E1519F4C68E00481D4D /* BarreForestGuideTests.m */,
				6E661E1319F4C68E00481D4D /* Supporting Files */,
			);
			path = BarreForestGuideTests;
			sourceTree = "<group>";
		};
		6E661E1319F4C68E00481D4D /* Supporting Files */ = {
			isa = PBXGroup;
			children = (
				6E661E1419F4C68E00481D4D /* Info.plist */,
			);
			name = "Supporting Files";
			sourceTree = "<group>";
		};
		6E661E2119F6706800481D4D /* Frameworks */ = {
			isa = PBXGroup;
			children = (
				6E78103819F77AFC00F2AE80 /* GoogleMaps.bundle */,
				6E78103619F77AAE00F2AE80 /* GoogleMaps.framework */,
				6E661E3E19F74AC300481D4D /* libsqlite3.dylib */,
				6E661E3C19F6731200481D4D /* SystemConfiguration.framework */,
				6E661E3A19F6730600481D4D /* QuartzCore.framework */,
				6E661E3819F672F900481D4D /* OpenGLES.framework */,
				6E661E3619F672E800481D4D /* libz.dylib */,
				6E661E3419F672DA00481D4D /* libicucore.dylib */,
				6E661E3219F671AA00481D4D /* libc++.dylib */,
				6E661E3019F6719900481D4D /* ImageIO.framework */,
				6E661E2E19F6718E00481D4D /* GLKit.framework */,
				6E661E2C19F6718000481D4D /* CoreText.framework */,
				6E661E2A19F6717100481D4D /* CoreLocation.framework */,
				6E661E2819F6716700481D4D /* CoreData.framework */,
				6E661E2619F6715700481D4D /* AVFoundation.framework */,
			);
			name = Frameworks;
			sourceTree = "<group>";
		};
		6E816E7019F8C34A00350881 /* Resources */ = {
			isa = PBXGroup;
			children = (
				6E816E7E19F8C44D00350881 /* BarreForestGuide.sqlite */,
			);
			name = Resources;
			sourceTree = "<group>";
		};
/* End PBXGroup section */

/* Begin PBXNativeTarget section */
		6E661DF519F4C68D00481D4D /* BarreForestGuide */ = {
			isa = PBXNativeTarget;
			buildConfigurationList = 6E661E1919F4C68E00481D4D /* Build configuration list for PBXNativeTarget "BarreForestGuide" */;
			buildPhases = (
				6EE49F4C19F95A0400E53AC5 /* ShellScript */,
				6E661DF219F4C68D00481D4D /* Sources */,
				6E661DF319F4C68D00481D4D /* Frameworks */,
				6E661DF419F4C68D00481D4D /* Resources */,
			);
			buildRules = (
			);
			dependencies = (
			);
			name = BarreForestGuide;
			productName = BarreForestGuide;
			productReference = 6E661DF619F4C68D00481D4D /* BarreForestGuide.app */;
			productType = "com.apple.product-type.application";
		};
		6E661E0E19F4C68D00481D4D /* BarreForestGuideTests */ = {
			isa = PBXNativeTarget;
			buildConfigurationList = 6E661E1C19F4C68E00481D4D /* Build configuration list for PBXNativeTarget "BarreForestGuideTests" */;
			buildPhases = (
				6E661E0B19F4C68D00481D4D /* Sources */,
				6E661E0C19F4C68D00481D4D /* Frameworks */,
				6E661E0D19F4C68D00481D4D /* Resources */,
			);
			buildRules = (
			);
			dependencies = (
				6E661E1119F4C68E00481D4D /* PBXTargetDependency */,
			);
			name = BarreForestGuideTests;
			productName = BarreForestGuideTests;
			productReference = 6E661E0F19F4C68D00481D4D /* BarreForestGuideTests.xctest */;
			productType = "com.apple.product-type.bundle.unit-test";
		};
/* End PBXNativeTarget section */

/* Begin PBXProject section */
		6E661DEE19F4C68D00481D4D /* Project object */ = {
			isa = PBXProject;
			attributes = {
				LastUpgradeCheck = 0600;
				ORGANIZATIONNAME = "Town of Barre";
				TargetAttributes = {
					6E661DF519F4C68D00481D4D = {
						CreatedOnToolsVersion = 6.0.1;
						DevelopmentTeam = F5D895GB5K;
					};
					6E661E0E19F4C68D00481D4D = {
						CreatedOnToolsVersion = 6.0.1;
						TestTargetID = 6E661DF519F4C68D00481D4D;
					};
				};
			};
			buildConfigurationList = 6E661DF119F4C68D00481D4D /* Build configuration list for PBXProject "BarreForestGuide" */;
			compatibilityVersion = "Xcode 3.2";
			developmentRegion = English;
			hasScannedForEncodings = 0;
			knownRegions = (
				en,
				Base,
			);
			mainGroup = 6E661DED19F4C68D00481D4D;
			productRefGroup = 6E661DF719F4C68D00481D4D /* Products */;
			projectDirPath = "";
			projectRoot = "";
			targets = (
				6E661DF519F4C68D00481D4D /* BarreForestGuide */,
				6E661E0E19F4C68D00481D4D /* BarreForestGuideTests */,
			);
		};
/* End PBXProject section */

/* Begin PBXResourcesBuildPhase section */
		6E661DF419F4C68D00481D4D /* Resources */ = {
			isa = PBXResourcesBuildPhase;
			buildActionMask = 2147483647;
			files = (
				6E661E0519F4C68D00481D4D /* Main.storyboard in Resources */,
				6E816E7F19F8C44D00350881 /* BarreForestGuide.sqlite in Resources */,
				6E661E0A19F4C68D00481D4D /* LaunchScreen.xib in Resources */,
				6E661E0719F4C68D00481D4D /* Images.xcassets in Resources */,
				6E78103919F77AFC00F2AE80 /* GoogleMaps.bundle in Resources */,
			);
			runOnlyForDeploymentPostprocessing = 0;
		};
		6E661E0D19F4C68D00481D4D /* Resources */ = {
			isa = PBXResourcesBuildPhase;
			buildActionMask = 2147483647;
			files = (
			);
			runOnlyForDeploymentPostprocessing = 0;
		};
/* End PBXResourcesBuildPhase section */

/* Begin PBXShellScriptBuildPhase section */
		6EE49F4C19F95A0400E53AC5 /* ShellScript */ = {
			isa = PBXShellScriptBuildPhase;
			buildActionMask = 2147483647;
			files = (
			);
			inputPaths = (
			);
			outputPaths = (
			);
			runOnlyForDeploymentPostprocessing = 0;
			shellPath = /bin/sh;
			shellScript = "./Install_GMapsAPI.sh";
		};
/* End PBXShellScriptBuildPhase section */

/* Begin PBXSourcesBuildPhase section */
		6E661DF219F4C68D00481D4D /* Sources */ = {
			isa = PBXSourcesBuildPhase;
			buildActionMask = 2147483647;
			files = (
				6E661E0219F4C68D00481D4D /* MapViewController.m in Sources */,
				6E661DFF19F4C68D00481D4D /* AppDelegate.m in Sources */,
				6E661DFC19F4C68D00481D4D /* main.m in Sources */,
			);
			runOnlyForDeploymentPostprocessing = 0;
		};
		6E661E0B19F4C68D00481D4D /* Sources */ = {
			isa = PBXSourcesBuildPhase;
			buildActionMask = 2147483647;
			files = (
				6E661E1619F4C68E00481D4D /* BarreForestGuideTests.m in Sources */,
			);
			runOnlyForDeploymentPostprocessing = 0;
		};
/* End PBXSourcesBuildPhase section */

/* Begin PBXTargetDependency section */
		6E661E1119F4C68E00481D4D /* PBXTargetDependency */ = {
			isa = PBXTargetDependency;
			target = 6E661DF519F4C68D00481D4D /* BarreForestGuide */;
			targetProxy = 6E661E1019F4C68E00481D4D /* PBXContainerItemProxy */;
		};
/* End PBXTargetDependency section */

/* Begin PBXVariantGroup section */
		6E661E0319F4C68D00481D4D /* Main.storyboard */ = {
			isa = PBXVariantGroup;
			children = (
				6E661E0419F4C68D00481D4D /* Base */,
			);
			name = Main.storyboard;
			sourceTree = "<group>";
		};
		6E661E0819F4C68D00481D4D /* LaunchScreen.xib */ = {
			isa = PBXVariantGroup;
			children = (
				6E661E0919F4C68D00481D4D /* Base */,
			);
			name = LaunchScreen.xib;
			sourceTree = "<group>";
		};
/* End PBXVariantGroup section */

/* Begin XCBuildConfiguration section */
		6E661E1719F4C68E00481D4D /* Debug */ = {
			isa = XCBuildConfiguration;
			buildSettings = {
				ALWAYS_SEARCH_USER_PATHS = NO;
				CLANG_CXX_LANGUAGE_STANDARD = "gnu++0x";
				CLANG_CXX_LIBRARY = "libc++";
				CLANG_ENABLE_MODULES = YES;
				CLANG_ENABLE_OBJC_ARC = YES;
				CLANG_WARN_BOOL_CONVERSION = YES;
				CLANG_WARN_CONSTANT_CONVERSION = YES;
				CLANG_WARN_DIRECT_OBJC_ISA_USAGE = YES_ERROR;
				CLANG_WARN_EMPTY_BODY = YES;
				CLANG_WARN_ENUM_CONVERSION = YES;
				CLANG_WARN_INT_CONVERSION = YES;
				CLANG_WARN_OBJC_ROOT_CLASS = YES_ERROR;
				CLANG_WARN_UNREACHABLE_CODE = YES;
				CLANG_WARN__DUPLICATE_METHOD_MATCH = YES;
				"CODE_SIGN_IDENTITY[sdk=iphoneos*]" = "iPhone Developer";
				COPY_PHASE_STRIP = NO;
				ENABLE_STRICT_OBJC_MSGSEND = YES;
				GCC_C_LANGUAGE_STANDARD = gnu99;
				GCC_DYNAMIC_NO_PIC = NO;
				GCC_OPTIMIZATION_LEVEL = 0;
				GCC_PREPROCESSOR_DEFINITIONS = (
					"DEBUG=1",
					"$(inherited)",
				);
				GCC_SYMBOLS_PRIVATE_EXTERN = NO;
				GCC_WARN_64_TO_32_BIT_CONVERSION = YES;
				GCC_WARN_ABOUT_RETURN_TYPE = YES_ERROR;
				GCC_WARN_UNDECLARED_SELECTOR = YES;
				GCC_WARN_UNINITIALIZED_AUTOS = YES_AGGRESSIVE;
				GCC_WARN_UNUSED_FUNCTION = YES;
				GCC_WARN_UNUSED_VARIABLE = YES;
				IPHONEOS_DEPLOYMENT_TARGET = 8.0;
				MTL_ENABLE_DEBUG_INFO = YES;
				ONLY_ACTIVE_ARCH = YES;
				OTHER_LDFLAGS = "-ObjC";
				SDKROOT = iphoneos;
				TARGETED_DEVICE_FAMILY = "1,2";
			};
			name = Debug;
		};
		6E661E1819F4C68E00481D4D /* Release */ = {
			isa = XCBuildConfiguration;
			buildSettings = {
				ALWAYS_SEARCH_USER_PATHS = NO;
				CLANG_CXX_LANGUAGE_STANDARD = "gnu++0x";
				CLANG_CXX_LIBRARY = "libc++";
				CLANG_ENABLE_MODULES = YES;
				CLANG_ENABLE_OBJC_ARC = YES;
				CLANG_WARN_BOOL_CONVERSION = YES;
				CLANG_WARN_CONSTANT_CONVERSION = YES;
				CLANG_WARN_DIRECT_OBJC_ISA_USAGE = YES_ERROR;
				CLANG_WARN_EMPTY_BODY = YES;
				CLANG_WARN_ENUM_CONVERSION = YES;
				CLANG_WARN_INT_CONVERSION = YES;
				CLANG_WARN_OBJC_ROOT_CLASS = YES_ERROR;
				CLANG_WARN_UNREACHABLE_CODE = YES;
				CLANG_WARN__DUPLICATE_METHOD_MATCH = YES;
				"CODE_SIGN_IDENTITY[sdk=iphoneos*]" = "iPhone Developer";
				COPY_PHASE_STRIP = YES;
				ENABLE_NS_ASSERTIONS = NO;
				ENABLE_STRICT_OBJC_MSGSEND = YES;
				GCC_C_LANGUAGE_STANDARD = gnu99;
				GCC_WARN_64_TO_32_BIT_CONVERSION = YES;
				GCC_WARN_ABOUT_RETURN_TYPE = YES_ERROR;
				GCC_WARN_UNDECLARED_SELECTOR = YES;
				GCC_WARN_UNINITIALIZED_AUTOS = YES_AGGRESSIVE;
				GCC_WARN_UNUSED_FUNCTION = YES;
				GCC_WARN_UNUSED_VARIABLE = YES;
				IPHONEOS_DEPLOYMENT_TARGET = 8.0;
				MTL_ENABLE_DEBUG_INFO = NO;
				OTHER_LDFLAGS = "-ObjC";
				SDKROOT = iphoneos;
				TARGETED_DEVICE_FAMILY = "1,2";
				VALIDATE_PRODUCT = YES;
			};
			name = Release;
		};
		6E661E1A19F4C68E00481D4D /* Debug */ = {
			isa = XCBuildConfiguration;
			buildSettings = {
				ASSETCATALOG_COMPILER_APPICON_NAME = AppIcon;
				CODE_SIGN_IDENTITY = "iPhone Developer";
				FRAMEWORK_SEARCH_PATHS = (
					"$(inherited)",
					"$(PROJECT_DIR)",
				);
				INFOPLIST_FILE = BarreForestGuide/Info.plist;
				LD_RUNPATH_SEARCH_PATHS = "$(inherited) @executable_path/Frameworks";
				PRODUCT_NAME = "$(TARGET_NAME)";
			};
			name = Debug;
		};
		6E661E1B19F4C68E00481D4D /* Release */ = {
			isa = XCBuildConfiguration;
			buildSettings = {
				ASSETCATALOG_COMPILER_APPICON_NAME = AppIcon;
				CODE_SIGN_IDENTITY = "iPhone Developer";
				FRAMEWORK_SEARCH_PATHS = (
					"$(inherited)",
					"$(PROJECT_DIR)",
				);
				INFOPLIST_FILE = BarreForestGuide/Info.plist;
				LD_RUNPATH_SEARCH_PATHS = "$(inherited) @executable_path/Frameworks";
				PRODUCT_NAME = "$(TARGET_NAME)";
			};
			name = Release;
		};
		6E661E1D19F4C68E00481D4D /* Debug */ = {
			isa = XCBuildConfiguration;
			buildSettings = {
				BUNDLE_LOADER = "$(TEST_HOST)";
				FRAMEWORK_SEARCH_PATHS = (
					"$(SDKROOT)/Developer/Library/Frameworks",
					"$(inherited)",
				);
				GCC_PREPROCESSOR_DEFINITIONS = (
					"DEBUG=1",
					"$(inherited)",
				);
				INFOPLIST_FILE = BarreForestGuideTests/Info.plist;
				LD_RUNPATH_SEARCH_PATHS = "$(inherited) @executable_path/Frameworks @loader_path/Frameworks";
				PRODUCT_NAME = "$(TARGET_NAME)";
				TEST_HOST = "$(BUILT_PRODUCTS_DIR)/BarreForestGuide.app/BarreForestGuide";
			};
			name = Debug;
		};
		6E661E1E19F4C68E00481D4D /* Release */ = {
			isa = XCBuildConfiguration;
			buildSettings = {
				BUNDLE_LOADER = "$(TEST_HOST)";
				FRAMEWORK_SEARCH_PATHS = (
					"$(SDKROOT)/Developer/Library/Frameworks",
					"$(inherited)",
				);
				INFOPLIST_FILE = BarreForestGuideTests/Info.plist;
				LD_RUNPATH_SEARCH_PATHS = "$(inherited) @executable_path/Frameworks @loader_path/Frameworks";
				PRODUCT_NAME = "$(TARGET_NAME)";
				TEST_HOST = "$(BUILT_PRODUCTS_DIR)/BarreForestGuide.app/BarreForestGuide";
			};
			name = Release;
		};
/* End XCBuildConfiguration section */

/* Begin XCConfigurationList section */
		6E661DF119F4C68D00481D4D /* Build configuration list for PBXProject "BarreForestGuide" */ = {
			isa = XCConfigurationList;
			buildConfigurations = (
				6E661E1719F4C68E00481D4D /* Debug */,
				6E661E1819F4C68E00481D4D /* Release */,
			);
			defaultConfigurationIsVisible = 0;
			defaultConfigurationName = Release;
		};
		6E661E1919F4C68E00481D4D /* Build configuration list for PBXNativeTarget "BarreForestGuide" */ = {
			isa = XCConfigurationList;
			buildConfigurations = (
				6E661E1A19F4C68E00481D4D /* Debug */,
				6E661E1B19F4C68E00481D4D /* Release */,
			);
			defaultConfigurationIsVisible = 0;
			defaultConfigurationName = Release;
		};
		6E661E1C19F4C68E00481D4D /* Build configuration list for PBXNativeTarget "BarreForestGuideTests" */ = {
			isa = XCConfigurationList;
			buildConfigurations = (
				6E661E1D19F4C68E00481D4D /* Debug */,
				6E661E1E19F4C68E00481D4D /* Release */,
			);
			defaultConfigurationIsVisible = 0;
			defaultConfigurationName = Release;
		};
/* End XCConfigurationList section */
	};
	rootObject = 6E661DEE19F4C68D00481D4D /* Project object */;
}
